// !$*UTF8*$!
{
	archiveVersion = 1;
	classes = {
	};
	objectVersion = 55;
	objects = {

/* Begin PBXBuildFile section */
		52B4D28628C5B76B00FEB427 /* AppDelegate.swift in Sources */ = {isa = PBXBuildFile; fileRef = 52B4D28528C5B76B00FEB427 /* AppDelegate.swift */; };
		52B4D28828C5B76B00FEB427 /* SceneDelegate.swift in Sources */ = {isa = PBXBuildFile; fileRef = 52B4D28728C5B76B00FEB427 /* SceneDelegate.swift */; };
		52B4D28D28C5B76B00FEB427 /* Main.storyboard in Resources */ = {isa = PBXBuildFile; fileRef = 52B4D28B28C5B76B00FEB427 /* Main.storyboard */; };
		52B4D28F28C5B76D00FEB427 /* Assets.xcassets in Resources */ = {isa = PBXBuildFile; fileRef = 52B4D28E28C5B76D00FEB427 /* Assets.xcassets */; };
		52B4D29228C5B76D00FEB427 /* LaunchScreen.storyboard in Resources */ = {isa = PBXBuildFile; fileRef = 52B4D29028C5B76D00FEB427 /* LaunchScreen.storyboard */; };
		52B4D2A128C5B8B100FEB427 /* ViewModel.swift in Sources */ = {isa = PBXBuildFile; fileRef = 52B4D2A028C5B8B100FEB427 /* ViewModel.swift */; };
		52B4D2A328C5B8B900FEB427 /* Extesion.swift in Sources */ = {isa = PBXBuildFile; fileRef = 52B4D2A228C5B8B900FEB427 /* Extesion.swift */; };
		52B4D2A628C5B8D800FEB427 /* DataKeys.swift in Sources */ = {isa = PBXBuildFile; fileRef = 52B4D2A528C5B8D800FEB427 /* DataKeys.swift */; };
		52B4D2A828C5B8DE00FEB427 /* Model.swift in Sources */ = {isa = PBXBuildFile; fileRef = 52B4D2A728C5B8DE00FEB427 /* Model.swift */; };
		52B4D2AC28C8261700FEB427 /* ConsoleLog.swift in Sources */ = {isa = PBXBuildFile; fileRef = 52B4D2AB28C8261700FEB427 /* ConsoleLog.swift */; };
		A2684A48FE5A8BC81BA9457C /* Pods_CatchTableClone.framework in Frameworks */ = {isa = PBXBuildFile; fileRef = B9DBF08BB74A170F81A01B2A /* Pods_CatchTableClone.framework */; };
		FEB2D4B828C5BD870091BA6B /* LoginViewController.swift in Sources */ = {isa = PBXBuildFile; fileRef = FEB2D4B728C5BD870091BA6B /* LoginViewController.swift */; };
		FED51B6C28C82EA20093CDCA /* LoginLogoView.swift in Sources */ = {isa = PBXBuildFile; fileRef = FED51B6B28C82EA20093CDCA /* LoginLogoView.swift */; };
		FED51B6E28C831550093CDCA /* LoginView.swift in Sources */ = {isa = PBXBuildFile; fileRef = FED51B6D28C831550093CDCA /* LoginView.swift */; };
/* End PBXBuildFile section */

/* Begin PBXFileReference section */
		4D4AEC18375228CF3181ED0A /* Pods-CatchTableClone.debug.xcconfig */ = {isa = PBXFileReference; includeInIndex = 1; lastKnownFileType = text.xcconfig; name = "Pods-CatchTableClone.debug.xcconfig"; path = "Target Support Files/Pods-CatchTableClone/Pods-CatchTableClone.debug.xcconfig"; sourceTree = "<group>"; };
		52B4D28228C5B76B00FEB427 /* CatchTableClone.app */ = {isa = PBXFileReference; explicitFileType = wrapper.application; includeInIndex = 0; path = CatchTableClone.app; sourceTree = BUILT_PRODUCTS_DIR; };
		52B4D28528C5B76B00FEB427 /* AppDelegate.swift */ = {isa = PBXFileReference; lastKnownFileType = sourcecode.swift; path = AppDelegate.swift; sourceTree = "<group>"; };
		52B4D28728C5B76B00FEB427 /* SceneDelegate.swift */ = {isa = PBXFileReference; lastKnownFileType = sourcecode.swift; path = SceneDelegate.swift; sourceTree = "<group>"; };
		52B4D28C28C5B76B00FEB427 /* Base */ = {isa = PBXFileReference; lastKnownFileType = file.storyboard; name = Base; path = Base.lproj/Main.storyboard; sourceTree = "<group>"; };
		52B4D28E28C5B76D00FEB427 /* Assets.xcassets */ = {isa = PBXFileReference; lastKnownFileType = folder.assetcatalog; path = Assets.xcassets; sourceTree = "<group>"; };
		52B4D29128C5B76D00FEB427 /* Base */ = {isa = PBXFileReference; lastKnownFileType = file.storyboard; name = Base; path = Base.lproj/LaunchScreen.storyboard; sourceTree = "<group>"; };
		52B4D29328C5B76D00FEB427 /* Info.plist */ = {isa = PBXFileReference; lastKnownFileType = text.plist.xml; path = Info.plist; sourceTree = "<group>"; };
		52B4D2A028C5B8B100FEB427 /* ViewModel.swift */ = {isa = PBXFileReference; lastKnownFileType = sourcecode.swift; path = ViewModel.swift; sourceTree = "<group>"; };
		52B4D2A228C5B8B900FEB427 /* Extesion.swift */ = {isa = PBXFileReference; lastKnownFileType = sourcecode.swift; path = Extesion.swift; sourceTree = "<group>"; };
		52B4D2A528C5B8D800FEB427 /* DataKeys.swift */ = {isa = PBXFileReference; lastKnownFileType = sourcecode.swift; path = DataKeys.swift; sourceTree = "<group>"; };
		52B4D2A728C5B8DE00FEB427 /* Model.swift */ = {isa = PBXFileReference; lastKnownFileType = sourcecode.swift; path = Model.swift; sourceTree = "<group>"; };
		52B4D2AB28C8261700FEB427 /* ConsoleLog.swift */ = {isa = PBXFileReference; lastKnownFileType = sourcecode.swift; path = ConsoleLog.swift; sourceTree = "<group>"; };
		99CA209A2337CD3AFB9BDCB8 /* Pods-CatchTableClone.release.xcconfig */ = {isa = PBXFileReference; includeInIndex = 1; lastKnownFileType = text.xcconfig; name = "Pods-CatchTableClone.release.xcconfig"; path = "Target Support Files/Pods-CatchTableClone/Pods-CatchTableClone.release.xcconfig"; sourceTree = "<group>"; };
		B9DBF08BB74A170F81A01B2A /* Pods_CatchTableClone.framework */ = {isa = PBXFileReference; explicitFileType = wrapper.framework; includeInIndex = 0; path = Pods_CatchTableClone.framework; sourceTree = BUILT_PRODUCTS_DIR; };
		FEB2D4B728C5BD870091BA6B /* LoginViewController.swift */ = {isa = PBXFileReference; lastKnownFileType = sourcecode.swift; path = LoginViewController.swift; sourceTree = "<group>"; };
		FED51B6B28C82EA20093CDCA /* LoginLogoView.swift */ = {isa = PBXFileReference; lastKnownFileType = sourcecode.swift; path = LoginLogoView.swift; sourceTree = "<group>"; };
		FED51B6D28C831550093CDCA /* LoginView.swift */ = {isa = PBXFileReference; lastKnownFileType = sourcecode.swift; path = LoginView.swift; sourceTree = "<group>"; };
/* End PBXFileReference section */

/* Begin PBXFrameworksBuildPhase section */
		52B4D27F28C5B76B00FEB427 /* Frameworks */ = {
			isa = PBXFrameworksBuildPhase;
			buildActionMask = 2147483647;
			files = (
				A2684A48FE5A8BC81BA9457C /* Pods_CatchTableClone.framework in Frameworks */,
			);
			runOnlyForDeploymentPostprocessing = 0;
		};
/* End PBXFrameworksBuildPhase section */

/* Begin PBXGroup section */
		52B4D27928C5B76B00FEB427 = {
			isa = PBXGroup;
			children = (
				52B4D28428C5B76B00FEB427 /* CatchTableClone */,
				52B4D28328C5B76B00FEB427 /* Products */,
				85DF39A5F3134485B8A023AA /* Pods */,
				AF789C66ED79F72D06314247 /* Frameworks */,
			);
			sourceTree = "<group>";
		};
		52B4D28328C5B76B00FEB427 /* Products */ = {
			isa = PBXGroup;
			children = (
				52B4D28228C5B76B00FEB427 /* CatchTableClone.app */,
			);
			name = Products;
			sourceTree = "<group>";
		};
		52B4D28428C5B76B00FEB427 /* CatchTableClone */ = {
			isa = PBXGroup;
			children = (
				52B4D29D28C5B84600FEB427 /* Utility */,
				52B4D29928C5B82300FEB427 /* Model */,
				52B4D29C28C5B83C00FEB427 /* Resource */,
				52B4D29B28C5B83400FEB427 /* ViewModel */,
				52B4D29A28C5B82D00FEB427 /* Controller */,
				52B4D29E28C5B89800FEB427 /* View */,
				52B4D29328C5B76D00FEB427 /* Info.plist */,
			);
			path = CatchTableClone;
			sourceTree = "<group>";
		};
		52B4D29928C5B82300FEB427 /* Model */ = {
			isa = PBXGroup;
			children = (
				52B4D2A728C5B8DE00FEB427 /* Model.swift */,
			);
			path = Model;
			sourceTree = "<group>";
		};
		52B4D29A28C5B82D00FEB427 /* Controller */ = {
			isa = PBXGroup;
			children = (
				FEB2D4B728C5BD870091BA6B /* LoginViewController.swift */,
			);
			path = Controller;
			sourceTree = "<group>";
		};
		52B4D29B28C5B83400FEB427 /* ViewModel */ = {
			isa = PBXGroup;
			children = (
				52B4D2A028C5B8B100FEB427 /* ViewModel.swift */,
			);
			path = ViewModel;
			sourceTree = "<group>";
		};
		52B4D29C28C5B83C00FEB427 /* Resource */ = {
			isa = PBXGroup;
			children = (
				52B4D28E28C5B76D00FEB427 /* Assets.xcassets */,
				52B4D28528C5B76B00FEB427 /* AppDelegate.swift */,
				52B4D28728C5B76B00FEB427 /* SceneDelegate.swift */,
				52B4D2A228C5B8B900FEB427 /* Extesion.swift */,
				52B4D2AB28C8261700FEB427 /* ConsoleLog.swift */,
			);
			path = Resource;
			sourceTree = "<group>";
		};
		52B4D29D28C5B84600FEB427 /* Utility */ = {
			isa = PBXGroup;
			children = (
				52B4D2A528C5B8D800FEB427 /* DataKeys.swift */,
			);
			path = Utility;
			sourceTree = "<group>";
		};
		52B4D29E28C5B89800FEB427 /* View */ = {
			isa = PBXGroup;
			children = (
				52B4D29F28C5B89F00FEB427 /* StoryBoard */,
				FED51B6B28C82EA20093CDCA /* LoginLogoView.swift */,
				FED51B6D28C831550093CDCA /* LoginView.swift */,
			);
			path = View;
			sourceTree = "<group>";
		};
		52B4D29F28C5B89F00FEB427 /* StoryBoard */ = {
			isa = PBXGroup;
			children = (
				52B4D28B28C5B76B00FEB427 /* Main.storyboard */,
				52B4D29028C5B76D00FEB427 /* LaunchScreen.storyboard */,
			);
			path = StoryBoard;
			sourceTree = "<group>";
		};
		85DF39A5F3134485B8A023AA /* Pods */ = {
			isa = PBXGroup;
			children = (
				4D4AEC18375228CF3181ED0A /* Pods-CatchTableClone.debug.xcconfig */,
				99CA209A2337CD3AFB9BDCB8 /* Pods-CatchTableClone.release.xcconfig */,
			);
			path = Pods;
			sourceTree = "<group>";
		};
		AF789C66ED79F72D06314247 /* Frameworks */ = {
			isa = PBXGroup;
			children = (
				B9DBF08BB74A170F81A01B2A /* Pods_CatchTableClone.framework */,
			);
			name = Frameworks;
			sourceTree = "<group>";
		};
/* End PBXGroup section */

/* Begin PBXNativeTarget section */
		52B4D28128C5B76B00FEB427 /* CatchTableClone */ = {
			isa = PBXNativeTarget;
			buildConfigurationList = 52B4D29628C5B76D00FEB427 /* Build configuration list for PBXNativeTarget "CatchTableClone" */;
			buildPhases = (
				53B608125BF222C720F0625A /* [CP] Check Pods Manifest.lock */,
				52B4D27E28C5B76B00FEB427 /* Sources */,
				52B4D27F28C5B76B00FEB427 /* Frameworks */,
				52B4D28028C5B76B00FEB427 /* Resources */,
				0674F4C21123877C44B2B014 /* [CP] Embed Pods Frameworks */,
			);
			buildRules = (
			);
			dependencies = (
			);
			name = CatchTableClone;
			productName = CatchTableClone;
			productReference = 52B4D28228C5B76B00FEB427 /* CatchTableClone.app */;
			productType = "com.apple.product-type.application";
		};
/* End PBXNativeTarget section */

/* Begin PBXProject section */
		52B4D27A28C5B76B00FEB427 /* Project object */ = {
			isa = PBXProject;
			attributes = {
				BuildIndependentTargetsInParallel = 1;
				LastSwiftUpdateCheck = 1330;
				LastUpgradeCheck = 1330;
				TargetAttributes = {
					52B4D28128C5B76B00FEB427 = {
						CreatedOnToolsVersion = 13.3;
					};
				};
			};
			buildConfigurationList = 52B4D27D28C5B76B00FEB427 /* Build configuration list for PBXProject "CatchTableClone" */;
			compatibilityVersion = "Xcode 13.0";
			developmentRegion = en;
			hasScannedForEncodings = 0;
			knownRegions = (
				en,
				Base,
			);
			mainGroup = 52B4D27928C5B76B00FEB427;
			productRefGroup = 52B4D28328C5B76B00FEB427 /* Products */;
			projectDirPath = "";
			projectRoot = "";
			targets = (
				52B4D28128C5B76B00FEB427 /* CatchTableClone */,
			);
		};
/* End PBXProject section */

/* Begin PBXResourcesBuildPhase section */
		52B4D28028C5B76B00FEB427 /* Resources */ = {
			isa = PBXResourcesBuildPhase;
			buildActionMask = 2147483647;
			files = (
				52B4D29228C5B76D00FEB427 /* LaunchScreen.storyboard in Resources */,
				52B4D28F28C5B76D00FEB427 /* Assets.xcassets in Resources */,
				52B4D28D28C5B76B00FEB427 /* Main.storyboard in Resources */,
			);
			runOnlyForDeploymentPostprocessing = 0;
		};
/* End PBXResourcesBuildPhase section */

/* Begin PBXShellScriptBuildPhase section */
		0674F4C21123877C44B2B014 /* [CP] Embed Pods Frameworks */ = {
			isa = PBXShellScriptBuildPhase;
			buildActionMask = 2147483647;
			files = (
			);
			inputFileListPaths = (
				"${PODS_ROOT}/Target Support Files/Pods-CatchTableClone/Pods-CatchTableClone-frameworks-${CONFIGURATION}-input-files.xcfilelist",
			);
			name = "[CP] Embed Pods Frameworks";
			outputFileListPaths = (
				"${PODS_ROOT}/Target Support Files/Pods-CatchTableClone/Pods-CatchTableClone-frameworks-${CONFIGURATION}-output-files.xcfilelist",
			);
			runOnlyForDeploymentPostprocessing = 0;
			shellPath = /bin/sh;
			shellScript = "\"${PODS_ROOT}/Target Support Files/Pods-CatchTableClone/Pods-CatchTableClone-frameworks.sh\"\n";
			showEnvVarsInLog = 0;
		};
		53B608125BF222C720F0625A /* [CP] Check Pods Manifest.lock */ = {
			isa = PBXShellScriptBuildPhase;
			buildActionMask = 2147483647;
			files = (
			);
			inputFileListPaths = (
			);
			inputPaths = (
				"${PODS_PODFILE_DIR_PATH}/Podfile.lock",
				"${PODS_ROOT}/Manifest.lock",
			);
			name = "[CP] Check Pods Manifest.lock";
			outputFileListPaths = (
			);
			outputPaths = (
				"$(DERIVED_FILE_DIR)/Pods-CatchTableClone-checkManifestLockResult.txt",
			);
			runOnlyForDeploymentPostprocessing = 0;
			shellPath = /bin/sh;
			shellScript = "diff \"${PODS_PODFILE_DIR_PATH}/Podfile.lock\" \"${PODS_ROOT}/Manifest.lock\" > /dev/null\nif [ $? != 0 ] ; then\n    # print error to STDERR\n    echo \"error: The sandbox is not in sync with the Podfile.lock. Run 'pod install' or update your CocoaPods installation.\" >&2\n    exit 1\nfi\n# This output is used by Xcode 'outputs' to avoid re-running this script phase.\necho \"SUCCESS\" > \"${SCRIPT_OUTPUT_FILE_0}\"\n";
			showEnvVarsInLog = 0;
		};
/* End PBXShellScriptBuildPhase section */

/* Begin PBXSourcesBuildPhase section */
		52B4D27E28C5B76B00FEB427 /* Sources */ = {
			isa = PBXSourcesBuildPhase;
			buildActionMask = 2147483647;
			files = (
				52B4D2A828C5B8DE00FEB427 /* Model.swift in Sources */,
				52B4D2AC28C8261700FEB427 /* ConsoleLog.swift in Sources */,
				52B4D2A628C5B8D800FEB427 /* DataKeys.swift in Sources */,
				52B4D2A328C5B8B900FEB427 /* Extesion.swift in Sources */,
				52B4D28628C5B76B00FEB427 /* AppDelegate.swift in Sources */,
				52B4D2A128C5B8B100FEB427 /* ViewModel.swift in Sources */,
				52B4D28828C5B76B00FEB427 /* SceneDelegate.swift in Sources */,
				FED51B6C28C82EA20093CDCA /* LoginLogoView.swift in Sources */,
				FED51B6E28C831550093CDCA /* LoginView.swift in Sources */,
				FEB2D4B828C5BD870091BA6B /* LoginViewController.swift in Sources */,
			);
			runOnlyForDeploymentPostprocessing = 0;
		};
/* End PBXSourcesBuildPhase section */

/* Begin PBXVariantGroup section */
		52B4D28B28C5B76B00FEB427 /* Main.storyboard */ = {
			isa = PBXVariantGroup;
			children = (
				52B4D28C28C5B76B00FEB427 /* Base */,
			);
			name = Main.storyboard;
			sourceTree = "<group>";
		};
		52B4D29028C5B76D00FEB427 /* LaunchScreen.storyboard */ = {
			isa = PBXVariantGroup;
			children = (
				52B4D29128C5B76D00FEB427 /* Base */,
			);
			name = LaunchScreen.storyboard;
			sourceTree = "<group>";
		};
/* End PBXVariantGroup section */

/* Begin XCBuildConfiguration section */
		52B4D29428C5B76D00FEB427 /* Debug */ = {
			isa = XCBuildConfiguration;
			buildSettings = {
				ALWAYS_SEARCH_USER_PATHS = NO;
				CLANG_ANALYZER_NONNULL = YES;
				CLANG_ANALYZER_NUMBER_OBJECT_CONVERSION = YES_AGGRESSIVE;
				CLANG_CXX_LANGUAGE_STANDARD = "gnu++17";
				CLANG_ENABLE_MODULES = YES;
				CLANG_ENABLE_OBJC_ARC = YES;
				CLANG_ENABLE_OBJC_WEAK = YES;
				CLANG_WARN_BLOCK_CAPTURE_AUTORELEASING = YES;
				CLANG_WARN_BOOL_CONVERSION = YES;
				CLANG_WARN_COMMA = YES;
				CLANG_WARN_CONSTANT_CONVERSION = YES;
				CLANG_WARN_DEPRECATED_OBJC_IMPLEMENTATIONS = YES;
				CLANG_WARN_DIRECT_OBJC_ISA_USAGE = YES_ERROR;
				CLANG_WARN_DOCUMENTATION_COMMENTS = YES;
				CLANG_WARN_EMPTY_BODY = YES;
				CLANG_WARN_ENUM_CONVERSION = YES;
				CLANG_WARN_INFINITE_RECURSION = YES;
				CLANG_WARN_INT_CONVERSION = YES;
				CLANG_WARN_NON_LITERAL_NULL_CONVERSION = YES;
				CLANG_WARN_OBJC_IMPLICIT_RETAIN_SELF = YES;
				CLANG_WARN_OBJC_LITERAL_CONVERSION = YES;
				CLANG_WARN_OBJC_ROOT_CLASS = YES_ERROR;
				CLANG_WARN_QUOTED_INCLUDE_IN_FRAMEWORK_HEADER = YES;
				CLANG_WARN_RANGE_LOOP_ANALYSIS = YES;
				CLANG_WARN_STRICT_PROTOTYPES = YES;
				CLANG_WARN_SUSPICIOUS_MOVE = YES;
				CLANG_WARN_UNGUARDED_AVAILABILITY = YES_AGGRESSIVE;
				CLANG_WARN_UNREACHABLE_CODE = YES;
				CLANG_WARN__DUPLICATE_METHOD_MATCH = YES;
				COPY_PHASE_STRIP = NO;
				DEBUG_INFORMATION_FORMAT = dwarf;
				ENABLE_STRICT_OBJC_MSGSEND = YES;
				ENABLE_TESTABILITY = YES;
				GCC_C_LANGUAGE_STANDARD = gnu11;
				GCC_DYNAMIC_NO_PIC = NO;
				GCC_NO_COMMON_BLOCKS = YES;
				GCC_OPTIMIZATION_LEVEL = 0;
				GCC_PREPROCESSOR_DEFINITIONS = (
					"DEBUG=1",
					"$(inherited)",
				);
				GCC_WARN_64_TO_32_BIT_CONVERSION = YES;
				GCC_WARN_ABOUT_RETURN_TYPE = YES_ERROR;
				GCC_WARN_UNDECLARED_SELECTOR = YES;
				GCC_WARN_UNINITIALIZED_AUTOS = YES_AGGRESSIVE;
				GCC_WARN_UNUSED_FUNCTION = YES;
				GCC_WARN_UNUSED_VARIABLE = YES;
				IPHONEOS_DEPLOYMENT_TARGET = 14.4;
				MTL_ENABLE_DEBUG_INFO = INCLUDE_SOURCE;
				MTL_FAST_MATH = YES;
				ONLY_ACTIVE_ARCH = YES;
				SDKROOT = iphoneos;
				SWIFT_ACTIVE_COMPILATION_CONDITIONS = DEBUG;
				SWIFT_OPTIMIZATION_LEVEL = "-Onone";
			};
			name = Debug;
		};
		52B4D29528C5B76D00FEB427 /* Release */ = {
			isa = XCBuildConfiguration;
			buildSettings = {
				ALWAYS_SEARCH_USER_PATHS = NO;
				CLANG_ANALYZER_NONNULL = YES;
				CLANG_ANALYZER_NUMBER_OBJECT_CONVERSION = YES_AGGRESSIVE;
				CLANG_CXX_LANGUAGE_STANDARD = "gnu++17";
				CLANG_ENABLE_MODULES = YES;
				CLANG_ENABLE_OBJC_ARC = YES;
				CLANG_ENABLE_OBJC_WEAK = YES;
				CLANG_WARN_BLOCK_CAPTURE_AUTORELEASING = YES;
				CLANG_WARN_BOOL_CONVERSION = YES;
				CLANG_WARN_COMMA = YES;
				CLANG_WARN_CONSTANT_CONVERSION = YES;
				CLANG_WARN_DEPRECATED_OBJC_IMPLEMENTATIONS = YES;
				CLANG_WARN_DIRECT_OBJC_ISA_USAGE = YES_ERROR;
				CLANG_WARN_DOCUMENTATION_COMMENTS = YES;
				CLANG_WARN_EMPTY_BODY = YES;
				CLANG_WARN_ENUM_CONVERSION = YES;
				CLANG_WARN_INFINITE_RECURSION = YES;
				CLANG_WARN_INT_CONVERSION = YES;
				CLANG_WARN_NON_LITERAL_NULL_CONVERSION = YES;
				CLANG_WARN_OBJC_IMPLICIT_RETAIN_SELF = YES;
				CLANG_WARN_OBJC_LITERAL_CONVERSION = YES;
				CLANG_WARN_OBJC_ROOT_CLASS = YES_ERROR;
				CLANG_WARN_QUOTED_INCLUDE_IN_FRAMEWORK_HEADER = YES;
				CLANG_WARN_RANGE_LOOP_ANALYSIS = YES;
				CLANG_WARN_STRICT_PROTOTYPES = YES;
				CLANG_WARN_SUSPICIOUS_MOVE = YES;
				CLANG_WARN_UNGUARDED_AVAILABILITY = YES_AGGRESSIVE;
				CLANG_WARN_UNREACHABLE_CODE = YES;
				CLANG_WARN__DUPLICATE_METHOD_MATCH = YES;
				COPY_PHASE_STRIP = NO;
				DEBUG_INFORMATION_FORMAT = "dwarf-with-dsym";
				ENABLE_NS_ASSERTIONS = NO;
				ENABLE_STRICT_OBJC_MSGSEND = YES;
				GCC_C_LANGUAGE_STANDARD = gnu11;
				GCC_NO_COMMON_BLOCKS = YES;
				GCC_WARN_64_TO_32_BIT_CONVERSION = YES;
				GCC_WARN_ABOUT_RETURN_TYPE = YES_ERROR;
				GCC_WARN_UNDECLARED_SELECTOR = YES;
				GCC_WARN_UNINITIALIZED_AUTOS = YES_AGGRESSIVE;
				GCC_WARN_UNUSED_FUNCTION = YES;
				GCC_WARN_UNUSED_VARIABLE = YES;
				IPHONEOS_DEPLOYMENT_TARGET = 14.4;
				MTL_ENABLE_DEBUG_INFO = NO;
				MTL_FAST_MATH = YES;
				SDKROOT = iphoneos;
				SWIFT_COMPILATION_MODE = wholemodule;
				SWIFT_OPTIMIZATION_LEVEL = "-O";
				VALIDATE_PRODUCT = YES;
			};
			name = Release;
		};
		52B4D29728C5B76D00FEB427 /* Debug */ = {
			isa = XCBuildConfiguration;
			baseConfigurationReference = 4D4AEC18375228CF3181ED0A /* Pods-CatchTableClone.debug.xcconfig */;
			buildSettings = {
				ASSETCATALOG_COMPILER_APPICON_NAME = AppIcon;
				ASSETCATALOG_COMPILER_GLOBAL_ACCENT_COLOR_NAME = AccentColor;
				CODE_SIGN_STYLE = Automatic;
				CURRENT_PROJECT_VERSION = 1;
				DEVELOPMENT_TEAM = FQJCX687Q4;
				GENERATE_INFOPLIST_FILE = YES;
				INFOPLIST_FILE = CatchTableClone/Info.plist;
				INFOPLIST_KEY_CFBundleDisplayName = "";
				INFOPLIST_KEY_UIApplicationSupportsIndirectInputEvents = YES;
				INFOPLIST_KEY_UILaunchStoryboardName = LaunchScreen;
				INFOPLIST_KEY_UIMainStoryboardFile = Main;
				INFOPLIST_KEY_UISupportedInterfaceOrientations_iPad = "UIInterfaceOrientationPortrait UIInterfaceOrientationPortraitUpsideDown UIInterfaceOrientationLandscapeLeft UIInterfaceOrientationLandscapeRight";
				INFOPLIST_KEY_UISupportedInterfaceOrientations_iPhone = "UIInterfaceOrientationPortrait UIInterfaceOrientationLandscapeLeft UIInterfaceOrientationLandscapeRight";
				LD_RUNPATH_SEARCH_PATHS = (
					"$(inherited)",
					"@executable_path/Frameworks",
				);
				MARKETING_VERSION = 1.0;
				PRODUCT_BUNDLE_IDENTIFIER = Seorin.CatchTableClone;
				PRODUCT_NAME = "$(TARGET_NAME)";
				SWIFT_EMIT_LOC_STRINGS = YES;
				SWIFT_VERSION = 5.0;
				TARGETED_DEVICE_FAMILY = "1,2";
			};
			name = Debug;
		};
		52B4D29828C5B76D00FEB427 /* Release */ = {
			isa = XCBuildConfiguration;
			baseConfigurationReference = 99CA209A2337CD3AFB9BDCB8 /* Pods-CatchTableClone.release.xcconfig */;
			buildSettings = {
				ASSETCATALOG_COMPILER_APPICON_NAME = AppIcon;
				ASSETCATALOG_COMPILER_GLOBAL_ACCENT_COLOR_NAME = AccentColor;
				CODE_SIGN_STYLE = Automatic;
				CURRENT_PROJECT_VERSION = 1;
				DEVELOPMENT_TEAM = FQJCX687Q4;
				GENERATE_INFOPLIST_FILE = YES;
				INFOPLIST_FILE = CatchTableClone/Info.plist;
				INFOPLIST_KEY_CFBundleDisplayName = "";
				INFOPLIST_KEY_UIApplicationSupportsIndirectInputEvents = YES;
				INFOPLIST_KEY_UILaunchStoryboardName = LaunchScreen;
				INFOPLIST_KEY_UIMainStoryboardFile = Main;
				INFOPLIST_KEY_UISupportedInterfaceOrientations_iPad = "UIInterfaceOrientationPortrait UIInterfaceOrientationPortraitUpsideDown UIInterfaceOrientationLandscapeLeft UIInterfaceOrientationLandscapeRight";
				INFOPLIST_KEY_UISupportedInterfaceOrientations_iPhone = "UIInterfaceOrientationPortrait UIInterfaceOrientationLandscapeLeft UIInterfaceOrientationLandscapeRight";
				LD_RUNPATH_SEARCH_PATHS = (
					"$(inherited)",
					"@executable_path/Frameworks",
				);
				MARKETING_VERSION = 1.0;
				PRODUCT_BUNDLE_IDENTIFIER = Seorin.CatchTableClone;
				PRODUCT_NAME = "$(TARGET_NAME)";
				SWIFT_EMIT_LOC_STRINGS = YES;
				SWIFT_VERSION = 5.0;
				TARGETED_DEVICE_FAMILY = "1,2";
			};
			name = Release;
		};
/* End XCBuildConfiguration section */

/* Begin XCConfigurationList section */
		52B4D27D28C5B76B00FEB427 /* Build configuration list for PBXProject "CatchTableClone" */ = {
			isa = XCConfigurationList;
			buildConfigurations = (
				52B4D29428C5B76D00FEB427 /* Debug */,
				52B4D29528C5B76D00FEB427 /* Release */,
			);
			defaultConfigurationIsVisible = 0;
			defaultConfigurationName = Release;
		};
		52B4D29628C5B76D00FEB427 /* Build configuration list for PBXNativeTarget "CatchTableClone" */ = {
			isa = XCConfigurationList;
			buildConfigurations = (
				52B4D29728C5B76D00FEB427 /* Debug */,
				52B4D29828C5B76D00FEB427 /* Release */,
			);
			defaultConfigurationIsVisible = 0;
			defaultConfigurationName = Release;
		};
/* End XCConfigurationList section */
	};
	rootObject = 52B4D27A28C5B76B00FEB427 /* Project object */;
}
