// !$*UTF8*$!
{
	archiveVersion = 1;
	classes = {
	};
	objectVersion = 55;
	objects = {

/* Begin PBXBuildFile section */
		52AB2E7E28C58AA400600523 /* AppDelegate.swift in Sources */ = {isa = PBXBuildFile; fileRef = 52AB2E7D28C58AA400600523 /* AppDelegate.swift */; };
		52AB2E8028C58AA400600523 /* SceneDelegate.swift in Sources */ = {isa = PBXBuildFile; fileRef = 52AB2E7F28C58AA400600523 /* SceneDelegate.swift */; };
		52AB2E8228C58AA400600523 /* ViewController.swift in Sources */ = {isa = PBXBuildFile; fileRef = 52AB2E8128C58AA400600523 /* ViewController.swift */; };
		52AB2E8528C58AA500600523 /* Main.storyboard in Resources */ = {isa = PBXBuildFile; fileRef = 52AB2E8328C58AA500600523 /* Main.storyboard */; };
		52AB2E8728C58AA700600523 /* Assets.xcassets in Resources */ = {isa = PBXBuildFile; fileRef = 52AB2E8628C58AA700600523 /* Assets.xcassets */; };
		52AB2E8A28C58AA700600523 /* LaunchScreen.storyboard in Resources */ = {isa = PBXBuildFile; fileRef = 52AB2E8828C58AA700600523 /* LaunchScreen.storyboard */; };
		FEF310BA28C5A268004A7235 /* ViewModel.swift in Sources */ = {isa = PBXBuildFile; fileRef = FEF310B928C5A268004A7235 /* ViewModel.swift */; };
		FEF310BC28C5A270004A7235 /* Model.swift in Sources */ = {isa = PBXBuildFile; fileRef = FEF310BB28C5A270004A7235 /* Model.swift */; };
		FEF310BE28C5A279004A7235 /* Extensions.swift in Sources */ = {isa = PBXBuildFile; fileRef = FEF310BD28C5A279004A7235 /* Extensions.swift */; };
/* End PBXBuildFile section */

/* Begin PBXFileReference section */
		52AB2E7A28C58AA400600523 /* CatchTable.app */ = {isa = PBXFileReference; explicitFileType = wrapper.application; includeInIndex = 0; path = CatchTable.app; sourceTree = BUILT_PRODUCTS_DIR; };
		52AB2E7D28C58AA400600523 /* AppDelegate.swift */ = {isa = PBXFileReference; lastKnownFileType = sourcecode.swift; path = AppDelegate.swift; sourceTree = "<group>"; };
		52AB2E7F28C58AA400600523 /* SceneDelegate.swift */ = {isa = PBXFileReference; lastKnownFileType = sourcecode.swift; path = SceneDelegate.swift; sourceTree = "<group>"; };
		52AB2E8128C58AA400600523 /* ViewController.swift */ = {isa = PBXFileReference; lastKnownFileType = sourcecode.swift; path = ViewController.swift; sourceTree = "<group>"; };
		52AB2E8428C58AA500600523 /* Base */ = {isa = PBXFileReference; lastKnownFileType = file.storyboard; name = Base; path = Base.lproj/Main.storyboard; sourceTree = "<group>"; };
		52AB2E8628C58AA700600523 /* Assets.xcassets */ = {isa = PBXFileReference; lastKnownFileType = folder.assetcatalog; path = Assets.xcassets; sourceTree = "<group>"; };
		52AB2E8928C58AA700600523 /* Base */ = {isa = PBXFileReference; lastKnownFileType = file.storyboard; name = Base; path = Base.lproj/LaunchScreen.storyboard; sourceTree = "<group>"; };
		52AB2E8B28C58AA700600523 /* Info.plist */ = {isa = PBXFileReference; lastKnownFileType = text.plist.xml; path = Info.plist; sourceTree = "<group>"; };
		FEF310B928C5A268004A7235 /* ViewModel.swift */ = {isa = PBXFileReference; lastKnownFileType = sourcecode.swift; path = ViewModel.swift; sourceTree = "<group>"; };
		FEF310BB28C5A270004A7235 /* Model.swift */ = {isa = PBXFileReference; lastKnownFileType = sourcecode.swift; path = Model.swift; sourceTree = "<group>"; };
		FEF310BD28C5A279004A7235 /* Extensions.swift */ = {isa = PBXFileReference; lastKnownFileType = sourcecode.swift; path = Extensions.swift; sourceTree = "<group>"; };
/* End PBXFileReference section */

/* Begin PBXFrameworksBuildPhase section */
		52AB2E7728C58AA400600523 /* Frameworks */ = {
			isa = PBXFrameworksBuildPhase;
			buildActionMask = 2147483647;
			files = (
			);
			runOnlyForDeploymentPostprocessing = 0;
		};
/* End PBXFrameworksBuildPhase section */

/* Begin PBXGroup section */
		52AB2E7128C58AA400600523 = {
			isa = PBXGroup;
			children = (
				52AB2E7C28C58AA400600523 /* CatchTable */,
				52AB2E7B28C58AA400600523 /* Products */,
			);
			sourceTree = "<group>";
		};
		52AB2E7B28C58AA400600523 /* Products */ = {
			isa = PBXGroup;
			children = (
				52AB2E7A28C58AA400600523 /* CatchTable.app */,
			);
			name = Products;
			sourceTree = "<group>";
		};
		52AB2E7C28C58AA400600523 /* CatchTable */ = {
			isa = PBXGroup;
			children = (
				FEF310B828C5A043004A7235 /* Utility */,
				FEF310B728C5A01D004A7235 /* Model */,
				FEF310B428C59FBD004A7235 /* Resources */,
				FEF310B328C59FA7004A7235 /* Controller */,
				FEF310B628C5A006004A7235 /* ViewModel */,
				52AB2E8628C58AA700600523 /* Assets.xcassets */,
				52AB2E8B28C58AA700600523 /* Info.plist */,
			);
			path = CatchTable;
			sourceTree = "<group>";
		};
		FEF310B328C59FA7004A7235 /* Controller */ = {
			isa = PBXGroup;
			children = (
				52AB2E8128C58AA400600523 /* ViewController.swift */,
				FEF310B528C59FED004A7235 /* StoryBoard */,
			);
			path = Controller;
			sourceTree = "<group>";
		};
		FEF310B428C59FBD004A7235 /* Resources */ = {
			isa = PBXGroup;
			children = (
				52AB2E7D28C58AA400600523 /* AppDelegate.swift */,
				52AB2E7F28C58AA400600523 /* SceneDelegate.swift */,
			);
			path = Resources;
			sourceTree = "<group>";
		};
		FEF310B528C59FED004A7235 /* StoryBoard */ = {
			isa = PBXGroup;
			children = (
				52AB2E8328C58AA500600523 /* Main.storyboard */,
				52AB2E8828C58AA700600523 /* LaunchScreen.storyboard */,
			);
			path = StoryBoard;
			sourceTree = "<group>";
		};
		FEF310B628C5A006004A7235 /* ViewModel */ = {
			isa = PBXGroup;
			children = (
				FEF310B928C5A268004A7235 /* ViewModel.swift */,
			);
			path = ViewModel;
			sourceTree = "<group>";
		};
		FEF310B728C5A01D004A7235 /* Model */ = {
			isa = PBXGroup;
			children = (
				FEF310BB28C5A270004A7235 /* Model.swift */,
			);
			path = Model;
			sourceTree = "<group>";
		};
		FEF310B828C5A043004A7235 /* Utility */ = {
			isa = PBXGroup;
			children = (
				FEF310BD28C5A279004A7235 /* Extensions.swift */,
			);
			path = Utility;
			sourceTree = "<group>";
		};
/* End PBXGroup section */

/* Begin PBXNativeTarget section */
		52AB2E7928C58AA400600523 /* CatchTable */ = {
			isa = PBXNativeTarget;
			buildConfigurationList = 52AB2E8E28C58AA700600523 /* Build configuration list for PBXNativeTarget "CatchTable" */;
			buildPhases = (
				52AB2E7628C58AA400600523 /* Sources */,
				52AB2E7728C58AA400600523 /* Frameworks */,
				52AB2E7828C58AA400600523 /* Resources */,
			);
			buildRules = (
			);
			dependencies = (
			);
			name = CatchTable;
			productName = CatchTable;
			productReference = 52AB2E7A28C58AA400600523 /* CatchTable.app */;
			productType = "com.apple.product-type.application";
		};
/* End PBXNativeTarget section */

/* Begin PBXProject section */
		52AB2E7228C58AA400600523 /* Project object */ = {
			isa = PBXProject;
			attributes = {
				BuildIndependentTargetsInParallel = 1;
				LastSwiftUpdateCheck = 1330;
				LastUpgradeCheck = 1330;
				TargetAttributes = {
					52AB2E7928C58AA400600523 = {
						CreatedOnToolsVersion = 13.3;
					};
				};
			};
			buildConfigurationList = 52AB2E7528C58AA400600523 /* Build configuration list for PBXProject "CatchTable" */;
			compatibilityVersion = "Xcode 13.0";
			developmentRegion = en;
			hasScannedForEncodings = 0;
			knownRegions = (
				en,
				Base,
			);
			mainGroup = 52AB2E7128C58AA400600523;
			productRefGroup = 52AB2E7B28C58AA400600523 /* Products */;
			projectDirPath = "";
			projectRoot = "";
			targets = (
				52AB2E7928C58AA400600523 /* CatchTable */,
			);
		};
/* End PBXProject section */

/* Begin PBXResourcesBuildPhase section */
		52AB2E7828C58AA400600523 /* Resources */ = {
			isa = PBXResourcesBuildPhase;
			buildActionMask = 2147483647;
			files = (
				52AB2E8A28C58AA700600523 /* LaunchScreen.storyboard in Resources */,
				52AB2E8728C58AA700600523 /* Assets.xcassets in Resources */,
				52AB2E8528C58AA500600523 /* Main.storyboard in Resources */,
			);
			runOnlyForDeploymentPostprocessing = 0;
		};
/* End PBXResourcesBuildPhase section */

/* Begin PBXSourcesBuildPhase section */
		52AB2E7628C58AA400600523 /* Sources */ = {
			isa = PBXSourcesBuildPhase;
			buildActionMask = 2147483647;
			files = (
				FEF310BC28C5A270004A7235 /* Model.swift in Sources */,
				FEF310BE28C5A279004A7235 /* Extensions.swift in Sources */,
				52AB2E8228C58AA400600523 /* ViewController.swift in Sources */,
				52AB2E7E28C58AA400600523 /* AppDelegate.swift in Sources */,
				FEF310BA28C5A268004A7235 /* ViewModel.swift in Sources */,
				52AB2E8028C58AA400600523 /* SceneDelegate.swift in Sources */,
			);
			runOnlyForDeploymentPostprocessing = 0;
		};
/* End PBXSourcesBuildPhase section */

/* Begin PBXVariantGroup section */
		52AB2E8328C58AA500600523 /* Main.storyboard */ = {
			isa = PBXVariantGroup;
			children = (
				52AB2E8428C58AA500600523 /* Base */,
			);
			name = Main.storyboard;
			sourceTree = "<group>";
		};
		52AB2E8828C58AA700600523 /* LaunchScreen.storyboard */ = {
			isa = PBXVariantGroup;
			children = (
				52AB2E8928C58AA700600523 /* Base */,
			);
			name = LaunchScreen.storyboard;
			sourceTree = "<group>";
		};
/* End PBXVariantGroup section */

/* Begin XCBuildConfiguration section */
		52AB2E8C28C58AA700600523 /* Debug */ = {
			isa = XCBuildConfiguration;
			buildSettings = {
				ALWAYS_SEARCH_USER_PATHS = NO;
				CLANG_ANALYZER_NONNULL = YES;
				CLANG_ANALYZER_NUMBER_OBJECT_CONVERSION = YES_AGGRESSIVE;
				CLANG_CXX_LANGUAGE_STANDARD = "gnu++17";
				CLANG_ENABLE_MODULES = YES;
				CLANG_ENABLE_OBJC_ARC = YES;
				CLANG_ENABLE_OBJC_WEAK = YES;
				CLANG_WARN_BLOCK_CAPTURE_AUTORELEASING = YES;
				CLANG_WARN_BOOL_CONVERSION = YES;
				CLANG_WARN_COMMA = YES;
				CLANG_WARN_CONSTANT_CONVERSION = YES;
				CLANG_WARN_DEPRECATED_OBJC_IMPLEMENTATIONS = YES;
				CLANG_WARN_DIRECT_OBJC_ISA_USAGE = YES_ERROR;
				CLANG_WARN_DOCUMENTATION_COMMENTS = YES;
				CLANG_WARN_EMPTY_BODY = YES;
				CLANG_WARN_ENUM_CONVERSION = YES;
				CLANG_WARN_INFINITE_RECURSION = YES;
				CLANG_WARN_INT_CONVERSION = YES;
				CLANG_WARN_NON_LITERAL_NULL_CONVERSION = YES;
				CLANG_WARN_OBJC_IMPLICIT_RETAIN_SELF = YES;
				CLANG_WARN_OBJC_LITERAL_CONVERSION = YES;
				CLANG_WARN_OBJC_ROOT_CLASS = YES_ERROR;
				CLANG_WARN_QUOTED_INCLUDE_IN_FRAMEWORK_HEADER = YES;
				CLANG_WARN_RANGE_LOOP_ANALYSIS = YES;
				CLANG_WARN_STRICT_PROTOTYPES = YES;
				CLANG_WARN_SUSPICIOUS_MOVE = YES;
				CLANG_WARN_UNGUARDED_AVAILABILITY = YES_AGGRESSIVE;
				CLANG_WARN_UNREACHABLE_CODE = YES;
				CLANG_WARN__DUPLICATE_METHOD_MATCH = YES;
				COPY_PHASE_STRIP = NO;
				DEBUG_INFORMATION_FORMAT = dwarf;
				ENABLE_STRICT_OBJC_MSGSEND = YES;
				ENABLE_TESTABILITY = YES;
				GCC_C_LANGUAGE_STANDARD = gnu11;
				GCC_DYNAMIC_NO_PIC = NO;
				GCC_NO_COMMON_BLOCKS = YES;
				GCC_OPTIMIZATION_LEVEL = 0;
				GCC_PREPROCESSOR_DEFINITIONS = (
					"DEBUG=1",
					"$(inherited)",
				);
				GCC_WARN_64_TO_32_BIT_CONVERSION = YES;
				GCC_WARN_ABOUT_RETURN_TYPE = YES_ERROR;
				GCC_WARN_UNDECLARED_SELECTOR = YES;
				GCC_WARN_UNINITIALIZED_AUTOS = YES_AGGRESSIVE;
				GCC_WARN_UNUSED_FUNCTION = YES;
				GCC_WARN_UNUSED_VARIABLE = YES;
				IPHONEOS_DEPLOYMENT_TARGET = 15.4;
				MTL_ENABLE_DEBUG_INFO = INCLUDE_SOURCE;
				MTL_FAST_MATH = YES;
				ONLY_ACTIVE_ARCH = YES;
				SDKROOT = iphoneos;
				SWIFT_ACTIVE_COMPILATION_CONDITIONS = DEBUG;
				SWIFT_OPTIMIZATION_LEVEL = "-Onone";
			};
			name = Debug;
		};
		52AB2E8D28C58AA700600523 /* Release */ = {
			isa = XCBuildConfiguration;
			buildSettings = {
				ALWAYS_SEARCH_USER_PATHS = NO;
				CLANG_ANALYZER_NONNULL = YES;
				CLANG_ANALYZER_NUMBER_OBJECT_CONVERSION = YES_AGGRESSIVE;
				CLANG_CXX_LANGUAGE_STANDARD = "gnu++17";
				CLANG_ENABLE_MODULES = YES;
				CLANG_ENABLE_OBJC_ARC = YES;
				CLANG_ENABLE_OBJC_WEAK = YES;
				CLANG_WARN_BLOCK_CAPTURE_AUTORELEASING = YES;
				CLANG_WARN_BOOL_CONVERSION = YES;
				CLANG_WARN_COMMA = YES;
				CLANG_WARN_CONSTANT_CONVERSION = YES;
				CLANG_WARN_DEPRECATED_OBJC_IMPLEMENTATIONS = YES;
				CLANG_WARN_DIRECT_OBJC_ISA_USAGE = YES_ERROR;
				CLANG_WARN_DOCUMENTATION_COMMENTS = YES;
				CLANG_WARN_EMPTY_BODY = YES;
				CLANG_WARN_ENUM_CONVERSION = YES;
				CLANG_WARN_INFINITE_RECURSION = YES;
				CLANG_WARN_INT_CONVERSION = YES;
				CLANG_WARN_NON_LITERAL_NULL_CONVERSION = YES;
				CLANG_WARN_OBJC_IMPLICIT_RETAIN_SELF = YES;
				CLANG_WARN_OBJC_LITERAL_CONVERSION = YES;
				CLANG_WARN_OBJC_ROOT_CLASS = YES_ERROR;
				CLANG_WARN_QUOTED_INCLUDE_IN_FRAMEWORK_HEADER = YES;
				CLANG_WARN_RANGE_LOOP_ANALYSIS = YES;
				CLANG_WARN_STRICT_PROTOTYPES = YES;
				CLANG_WARN_SUSPICIOUS_MOVE = YES;
				CLANG_WARN_UNGUARDED_AVAILABILITY = YES_AGGRESSIVE;
				CLANG_WARN_UNREACHABLE_CODE = YES;
				CLANG_WARN__DUPLICATE_METHOD_MATCH = YES;
				COPY_PHASE_STRIP = NO;
				DEBUG_INFORMATION_FORMAT = "dwarf-with-dsym";
				ENABLE_NS_ASSERTIONS = NO;
				ENABLE_STRICT_OBJC_MSGSEND = YES;
				GCC_C_LANGUAGE_STANDARD = gnu11;
				GCC_NO_COMMON_BLOCKS = YES;
				GCC_WARN_64_TO_32_BIT_CONVERSION = YES;
				GCC_WARN_ABOUT_RETURN_TYPE = YES_ERROR;
				GCC_WARN_UNDECLARED_SELECTOR = YES;
				GCC_WARN_UNINITIALIZED_AUTOS = YES_AGGRESSIVE;
				GCC_WARN_UNUSED_FUNCTION = YES;
				GCC_WARN_UNUSED_VARIABLE = YES;
				IPHONEOS_DEPLOYMENT_TARGET = 15.4;
				MTL_ENABLE_DEBUG_INFO = NO;
				MTL_FAST_MATH = YES;
				SDKROOT = iphoneos;
				SWIFT_COMPILATION_MODE = wholemodule;
				SWIFT_OPTIMIZATION_LEVEL = "-O";
				VALIDATE_PRODUCT = YES;
			};
			name = Release;
		};
		52AB2E8F28C58AA700600523 /* Debug */ = {
			isa = XCBuildConfiguration;
			buildSettings = {
				ASSETCATALOG_COMPILER_APPICON_NAME = AppIcon;
				ASSETCATALOG_COMPILER_GLOBAL_ACCENT_COLOR_NAME = AccentColor;
				CODE_SIGN_STYLE = Automatic;
				CURRENT_PROJECT_VERSION = 1;
				DEVELOPMENT_TEAM = FQJCX687Q4;
				GENERATE_INFOPLIST_FILE = YES;
				INFOPLIST_FILE = CatchTable/Info.plist;
				INFOPLIST_KEY_UIApplicationSupportsIndirectInputEvents = YES;
				INFOPLIST_KEY_UILaunchStoryboardName = LaunchScreen;
				INFOPLIST_KEY_UIMainStoryboardFile = Main;
				INFOPLIST_KEY_UISupportedInterfaceOrientations_iPad = "UIInterfaceOrientationPortrait UIInterfaceOrientationPortraitUpsideDown UIInterfaceOrientationLandscapeLeft UIInterfaceOrientationLandscapeRight";
				INFOPLIST_KEY_UISupportedInterfaceOrientations_iPhone = "UIInterfaceOrientationPortrait UIInterfaceOrientationLandscapeLeft UIInterfaceOrientationLandscapeRight";
				LD_RUNPATH_SEARCH_PATHS = (
					"$(inherited)",
					"@executable_path/Frameworks",
				);
				MARKETING_VERSION = 1.0;
				PRODUCT_BUNDLE_IDENTIFIER = Seorin.CatchTable;
				PRODUCT_NAME = "$(TARGET_NAME)";
				SWIFT_EMIT_LOC_STRINGS = YES;
				SWIFT_VERSION = 5.0;
				TARGETED_DEVICE_FAMILY = "1,2";
			};
			name = Debug;
		};
		52AB2E9028C58AA700600523 /* Release */ = {
			isa = XCBuildConfiguration;
			buildSettings = {
				ASSETCATALOG_COMPILER_APPICON_NAME = AppIcon;
				ASSETCATALOG_COMPILER_GLOBAL_ACCENT_COLOR_NAME = AccentColor;
				CODE_SIGN_STYLE = Automatic;
				CURRENT_PROJECT_VERSION = 1;
				DEVELOPMENT_TEAM = FQJCX687Q4;
				GENERATE_INFOPLIST_FILE = YES;
				INFOPLIST_FILE = CatchTable/Info.plist;
				INFOPLIST_KEY_UIApplicationSupportsIndirectInputEvents = YES;
				INFOPLIST_KEY_UILaunchStoryboardName = LaunchScreen;
				INFOPLIST_KEY_UIMainStoryboardFile = Main;
				INFOPLIST_KEY_UISupportedInterfaceOrientations_iPad = "UIInterfaceOrientationPortrait UIInterfaceOrientationPortraitUpsideDown UIInterfaceOrientationLandscapeLeft UIInterfaceOrientationLandscapeRight";
				INFOPLIST_KEY_UISupportedInterfaceOrientations_iPhone = "UIInterfaceOrientationPortrait UIInterfaceOrientationLandscapeLeft UIInterfaceOrientationLandscapeRight";
				LD_RUNPATH_SEARCH_PATHS = (
					"$(inherited)",
					"@executable_path/Frameworks",
				);
				MARKETING_VERSION = 1.0;
				PRODUCT_BUNDLE_IDENTIFIER = Seorin.CatchTable;
				PRODUCT_NAME = "$(TARGET_NAME)";
				SWIFT_EMIT_LOC_STRINGS = YES;
				SWIFT_VERSION = 5.0;
				TARGETED_DEVICE_FAMILY = "1,2";
			};
			name = Release;
		};
/* End XCBuildConfiguration section */

/* Begin XCConfigurationList section */
		52AB2E7528C58AA400600523 /* Build configuration list for PBXProject "CatchTable" */ = {
			isa = XCConfigurationList;
			buildConfigurations = (
				52AB2E8C28C58AA700600523 /* Debug */,
				52AB2E8D28C58AA700600523 /* Release */,
			);
			defaultConfigurationIsVisible = 0;
			defaultConfigurationName = Release;
		};
		52AB2E8E28C58AA700600523 /* Build configuration list for PBXNativeTarget "CatchTable" */ = {
			isa = XCConfigurationList;
			buildConfigurations = (
				52AB2E8F28C58AA700600523 /* Debug */,
				52AB2E9028C58AA700600523 /* Release */,
			);
			defaultConfigurationIsVisible = 0;
			defaultConfigurationName = Release;
		};
/* End XCConfigurationList section */
	};
	rootObject = 52AB2E7228C58AA400600523 /* Project object */;
}
